
Microsoft Visual Studio Solution File, Format Version 12.00
# Visual Studio Version 16
VisualStudioVersion = 16.0.31729.503
MinimumVisualStudioVersion = 10.0.40219.1
Project("{2150E333-8FDC-42A3-9474-1A3956D46DE8}") = "SOLID", "SOLID", "{C8F7D57D-B1B9-4E15-96FB-3CAE1E01ABF2}"
EndProject
Project("{9A19103F-16F7-4668-BE54-9A1E7A4F7556}") = "OpenClosed", "OpenClosed\OpenClosed.csproj", "{C01F9838-F67F-4559-B309-FFDBF3F9BE09}"
EndProject
Project("{9A19103F-16F7-4668-BE54-9A1E7A4F7556}") = "SingleResponsibility", "SingleResponsibility\SingleResponsibility.csproj", "{078CCD79-D990-4DF1-859F-7E52596395FB}"
EndProject
Project("{9A19103F-16F7-4668-BE54-9A1E7A4F7556}") = "LiskovSubstitution", "LiskovSubstitution\LiskovSubstitution.csproj", "{37B58E92-2921-4169-8EA9-BBAAD632924B}"
EndProject
Project("{9A19103F-16F7-4668-BE54-9A1E7A4F7556}") = "InterfaceSegregation", "InterfaceSegregation\InterfaceSegregation.csproj", "{DA3DEC12-CC2A-4C6C-BA7C-DD81C4F0602F}"
EndProject
Project("{9A19103F-16F7-4668-BE54-9A1E7A4F7556}") = "DependencyInversion", "DependencyInversion\DependencyInversion.csproj", "{1C5B0E7F-0320-432C-A616-6FE41F745C2E}"
EndProject
Project("{9A19103F-16F7-4668-BE54-9A1E7A4F7556}") = "Builder", "Builder\Builder.csproj", "{7637C942-0C2B-48E1-86EB-915B5F14B2A2}"
EndProject
Project("{9A19103F-16F7-4668-BE54-9A1E7A4F7556}") = "Factory", "Factory\Factory.csproj", "{682D3AEA-A85E-439F-84B2-538E0F486BB1}"
EndProject
Project("{FAE04EC0-301F-11D3-BF4B-00C04F79EFBC}") = "Prototype", "Prototype\Prototype.csproj", "{E42634B8-EC75-40A6-B336-5F0933C298E0}"
EndProject
Project("{2150E333-8FDC-42A3-9474-1A3956D46DE8}") = "Creational", "Creational", "{5EE23494-29EA-4BD5-A6B5-7F2D413F5C9B}"
EndProject
Global
	GlobalSection(SolutionConfigurationPlatforms) = preSolution
		Debug|Any CPU = Debug|Any CPU
		Release|Any CPU = Release|Any CPU
	EndGlobalSection
	GlobalSection(ProjectConfigurationPlatforms) = postSolution
		{C01F9838-F67F-4559-B309-FFDBF3F9BE09}.Debug|Any CPU.ActiveCfg = Debug|Any CPU
		{C01F9838-F67F-4559-B309-FFDBF3F9BE09}.Debug|Any CPU.Build.0 = Debug|Any CPU
		{C01F9838-F67F-4559-B309-FFDBF3F9BE09}.Release|Any CPU.ActiveCfg = Release|Any CPU
		{C01F9838-F67F-4559-B309-FFDBF3F9BE09}.Release|Any CPU.Build.0 = Release|Any CPU
		{078CCD79-D990-4DF1-859F-7E52596395FB}.Debug|Any CPU.ActiveCfg = Debug|Any CPU
		{078CCD79-D990-4DF1-859F-7E52596395FB}.Debug|Any CPU.Build.0 = Debug|Any CPU
		{078CCD79-D990-4DF1-859F-7E52596395FB}.Release|Any CPU.ActiveCfg = Release|Any CPU
		{078CCD79-D990-4DF1-859F-7E52596395FB}.Release|Any CPU.Build.0 = Release|Any CPU
		{37B58E92-2921-4169-8EA9-BBAAD632924B}.Debug|Any CPU.ActiveCfg = Debug|Any CPU
		{37B58E92-2921-4169-8EA9-BBAAD632924B}.Debug|Any CPU.Build.0 = Debug|Any CPU
		{37B58E92-2921-4169-8EA9-BBAAD632924B}.Release|Any CPU.ActiveCfg = Release|Any CPU
		{37B58E92-2921-4169-8EA9-BBAAD632924B}.Release|Any CPU.Build.0 = Release|Any CPU
		{DA3DEC12-CC2A-4C6C-BA7C-DD81C4F0602F}.Debug|Any CPU.ActiveCfg = Debug|Any CPU
		{DA3DEC12-CC2A-4C6C-BA7C-DD81C4F0602F}.Debug|Any CPU.Build.0 = Debug|Any CPU
		{DA3DEC12-CC2A-4C6C-BA7C-DD81C4F0602F}.Release|Any CPU.ActiveCfg = Release|Any CPU
		{DA3DEC12-CC2A-4C6C-BA7C-DD81C4F0602F}.Release|Any CPU.Build.0 = Release|Any CPU
		{1C5B0E7F-0320-432C-A616-6FE41F745C2E}.Debug|Any CPU.ActiveCfg = Debug|Any CPU
		{1C5B0E7F-0320-432C-A616-6FE41F745C2E}.Debug|Any CPU.Build.0 = Debug|Any CPU
		{1C5B0E7F-0320-432C-A616-6FE41F745C2E}.Release|Any CPU.ActiveCfg = Release|Any CPU
		{1C5B0E7F-0320-432C-A616-6FE41F745C2E}.Release|Any CPU.Build.0 = Release|Any CPU
		{7637C942-0C2B-48E1-86EB-915B5F14B2A2}.Debug|Any CPU.ActiveCfg = Debug|Any CPU
		{7637C942-0C2B-48E1-86EB-915B5F14B2A2}.Debug|Any CPU.Build.0 = Debug|Any CPU
		{7637C942-0C2B-48E1-86EB-915B5F14B2A2}.Release|Any CPU.ActiveCfg = Release|Any CPU
		{7637C942-0C2B-48E1-86EB-915B5F14B2A2}.Release|Any CPU.Build.0 = Release|Any CPU
		{682D3AEA-A85E-439F-84B2-538E0F486BB1}.Debug|Any CPU.ActiveCfg = Debug|Any CPU
		{682D3AEA-A85E-439F-84B2-538E0F486BB1}.Debug|Any CPU.Build.0 = Debug|Any CPU
		{682D3AEA-A85E-439F-84B2-538E0F486BB1}.Release|Any CPU.ActiveCfg = Release|Any CPU
		{682D3AEA-A85E-439F-84B2-538E0F486BB1}.Release|Any CPU.Build.0 = Release|Any CPU
		{E42634B8-EC75-40A6-B336-5F0933C298E0}.Debug|Any CPU.ActiveCfg = Debug|Any CPU
		{E42634B8-EC75-40A6-B336-5F0933C298E0}.Debug|Any CPU.Build.0 = Debug|Any CPU
		{E42634B8-EC75-40A6-B336-5F0933C298E0}.Release|Any CPU.ActiveCfg = Release|Any CPU
		{E42634B8-EC75-40A6-B336-5F0933C298E0}.Release|Any CPU.Build.0 = Release|Any CPU
	EndGlobalSection
	GlobalSection(SolutionProperties) = preSolution
		HideSolutionNode = FALSE
	EndGlobalSection
	GlobalSection(NestedProjects) = preSolution
		{C01F9838-F67F-4559-B309-FFDBF3F9BE09} = {C8F7D57D-B1B9-4E15-96FB-3CAE1E01ABF2}
		{078CCD79-D990-4DF1-859F-7E52596395FB} = {C8F7D57D-B1B9-4E15-96FB-3CAE1E01ABF2}
		{37B58E92-2921-4169-8EA9-BBAAD632924B} = {C8F7D57D-B1B9-4E15-96FB-3CAE1E01ABF2}
		{DA3DEC12-CC2A-4C6C-BA7C-DD81C4F0602F} = {C8F7D57D-B1B9-4E15-96FB-3CAE1E01ABF2}
		{1C5B0E7F-0320-432C-A616-6FE41F745C2E} = {C8F7D57D-B1B9-4E15-96FB-3CAE1E01ABF2}
		{7637C942-0C2B-48E1-86EB-915B5F14B2A2} = {5EE23494-29EA-4BD5-A6B5-7F2D413F5C9B}
		{682D3AEA-A85E-439F-84B2-538E0F486BB1} = {5EE23494-29EA-4BD5-A6B5-7F2D413F5C9B}
		{E42634B8-EC75-40A6-B336-5F0933C298E0} = {5EE23494-29EA-4BD5-A6B5-7F2D413F5C9B}
	EndGlobalSection
	GlobalSection(ExtensibilityGlobals) = postSolution
		SolutionGuid = {251EDD9E-155D-424A-9EB6-47D6704D190F}
	EndGlobalSection
EndGlobal
